
Microsoft Visual Studio Solution File, Format Version 12.00
# Visual Studio Version 17
VisualStudioVersion = 17.7.34221.43
MinimumVisualStudioVersion = 10.0.40219.1
Project("{9A19103F-16F7-4668-BE54-9A1E7A4F7556}") = "01_SimplePing", "SimplePing\01_SimplePing.csproj", "{14D0A040-D18F-470C-A828-EF9AC9E2FBAC}"
EndProject
Project("{9A19103F-16F7-4668-BE54-9A1E7A4F7556}") = "03_AdvancedPing", "AdvancedPing\03_AdvancedPing.csproj", "{A1C2CCD2-540A-4584-8EDD-24AD6401A882}"
EndProject
Project("{FAE04EC0-301F-11D3-BF4B-00C04F79EFBC}") = "02_SimpleSendPing", "SimpleSendPing\02_SimpleSendPing.csproj", "{A0A24AA1-D636-4536-99FE-C330E8C887D9}"
EndProject
Project("{FAE04EC0-301F-11D3-BF4B-00C04F79EFBC}") = "04_WindowsFormsAdvancedPing", "WindowsFormsAdvancedPing\04_WindowsFormsAdvancedPing.csproj", "{BC9C75B4-299B-4072-A061-E4364B7E0049}"
EndProject
Global
	GlobalSection(SolutionConfigurationPlatforms) = preSolution
		Debug|Any CPU = Debug|Any CPU
		Release|Any CPU = Release|Any CPU
	EndGlobalSection
	GlobalSection(ProjectConfigurationPlatforms) = postSolution
		{14D0A040-D18F-470C-A828-EF9AC9E2FBAC}.Debug|Any CPU.ActiveCfg = Debug|Any CPU
		{14D0A040-D18F-470C-A828-EF9AC9E2FBAC}.Debug|Any CPU.Build.0 = Debug|Any CPU
		{14D0A040-D18F-470C-A828-EF9AC9E2FBAC}.Release|Any CPU.ActiveCfg = Release|Any CPU
		{14D0A040-D18F-470C-A828-EF9AC9E2FBAC}.Release|Any CPU.Build.0 = Release|Any CPU
		{A1C2CCD2-540A-4584-8EDD-24AD6401A882}.Debug|Any CPU.ActiveCfg = Debug|Any CPU
		{A1C2CCD2-540A-4584-8EDD-24AD6401A882}.Debug|Any CPU.Build.0 = Debug|Any CPU
		{A1C2CCD2-540A-4584-8EDD-24AD6401A882}.Release|Any CPU.ActiveCfg = Release|Any CPU
		{A1C2CCD2-540A-4584-8EDD-24AD6401A882}.Release|Any CPU.Build.0 = Release|Any CPU
		{A0A24AA1-D636-4536-99FE-C330E8C887D9}.Debug|Any CPU.ActiveCfg = Debug|Any CPU
		{A0A24AA1-D636-4536-99FE-C330E8C887D9}.Debug|Any CPU.Build.0 = Debug|Any CPU
		{A0A24AA1-D636-4536-99FE-C330E8C887D9}.Release|Any CPU.ActiveCfg = Release|Any CPU
		{A0A24AA1-D636-4536-99FE-C330E8C887D9}.Release|Any CPU.Build.0 = Release|Any CPU
		{BC9C75B4-299B-4072-A061-E4364B7E0049}.Debug|Any CPU.ActiveCfg = Debug|Any CPU
		{BC9C75B4-299B-4072-A061-E4364B7E0049}.Debug|Any CPU.Build.0 = Debug|Any CPU
		{BC9C75B4-299B-4072-A061-E4364B7E0049}.Release|Any CPU.ActiveCfg = Release|Any CPU
		{BC9C75B4-299B-4072-A061-E4364B7E0049}.Release|Any CPU.Build.0 = Release|Any CPU
	EndGlobalSection
	GlobalSection(SolutionProperties) = preSolution
		HideSolutionNode = FALSE
	EndGlobalSection
	GlobalSection(ExtensibilityGlobals) = postSolution
		SolutionGuid = {8105ED9C-F7B9-4E81-B911-AF28CB45B3C0}
	EndGlobalSection
EndGlobal
